// !$*UTF8*$!
{
	archiveVersion = 1;
	classes = {
	};
	objectVersion = 55;
	objects = {

/* Begin PBXBuildFile section */
		8A2C8D0727E2539C00DA07C9 /* main.c in Sources */ = {isa = PBXBuildFile; fileRef = 8A2C8D0627E2539C00DA07C9 /* main.c */; };
		8A2C8D1427E255AB00DA07C9 /* utils.c in Sources */ = {isa = PBXBuildFile; fileRef = 8A2C8D1027E255AA00DA07C9 /* utils.c */; };
		8A2C8D1527E255AB00DA07C9 /* dsplib.c in Sources */ = {isa = PBXBuildFile; fileRef = 8A2C8D1227E255AA00DA07C9 /* dsplib.c */; };
		8A2C8D1627E255AB00DA07C9 /* nnlib.c in Sources */ = {isa = PBXBuildFile; fileRef = 8A2C8D1327E255AA00DA07C9 /* nnlib.c */; };
		8ADA8FED27F676300079335F /* signalsifter_weights.c in Sources */ = {isa = PBXBuildFile; fileRef = 8ADA8FEB27F676300079335F /* signalsifter_weights.c */; };
		8ADA8FF027F677970079335F /* nn_layers.c in Sources */ = {isa = PBXBuildFile; fileRef = 8ADA8FEF27F677970079335F /* nn_layers.c */; };
		8ADA8FFC27FCF2790079335F /* kiss_fft.c in Sources */ = {isa = PBXBuildFile; fileRef = 8ADA8FF527FCF2790079335F /* kiss_fft.c */; };
		8ADA8FFD27FCF2790079335F /* kiss_fftr.c in Sources */ = {isa = PBXBuildFile; fileRef = 8ADA8FF627FCF2790079335F /* kiss_fftr.c */; };
		8ADA8FFE27FCF2790079335F /* dsp_processing.c in Sources */ = {isa = PBXBuildFile; fileRef = 8ADA8FFA27FCF2790079335F /* dsp_processing.c */; };
/* End PBXBuildFile section */

/* Begin PBXCopyFilesBuildPhase section */
		8A2C8D0127E2539C00DA07C9 /* CopyFiles */ = {
			isa = PBXCopyFilesBuildPhase;
			buildActionMask = 2147483647;
			dstPath = /usr/share/man/man1/;
			dstSubfolderSpec = 0;
			files = (
			);
			runOnlyForDeploymentPostprocessing = 1;
		};
/* End PBXCopyFilesBuildPhase section */

/* Begin PBXFileReference section */
		8A2C8D0327E2539C00DA07C9 /* test_nndsp */ = {isa = PBXFileReference; explicitFileType = "compiled.mach-o.executable"; includeInIndex = 0; path = test_nndsp; sourceTree = BUILT_PRODUCTS_DIR; };
		8A2C8D0627E2539C00DA07C9 /* main.c */ = {isa = PBXFileReference; lastKnownFileType = sourcecode.c.c; path = main.c; sourceTree = "<group>"; };
		8A2C8D0D27E255AA00DA07C9 /* dsplib.h */ = {isa = PBXFileReference; fileEncoding = 4; lastKnownFileType = sourcecode.c.h; name = dsplib.h; path = ../../../src/dsplib.h; sourceTree = "<group>"; };
		8A2C8D0E27E255AA00DA07C9 /* fixed_point_math.h */ = {isa = PBXFileReference; fileEncoding = 4; lastKnownFileType = sourcecode.c.h; name = fixed_point_math.h; path = ../../../src/fixed_point_math.h; sourceTree = "<group>"; };
		8A2C8D0F27E255AA00DA07C9 /* utils.h */ = {isa = PBXFileReference; fileEncoding = 4; lastKnownFileType = sourcecode.c.h; name = utils.h; path = ../../../src/utils.h; sourceTree = "<group>"; };
		8A2C8D1027E255AA00DA07C9 /* utils.c */ = {isa = PBXFileReference; fileEncoding = 4; lastKnownFileType = sourcecode.c.c; name = utils.c; path = ../../../src/utils.c; sourceTree = "<group>"; };
		8A2C8D1127E255AA00DA07C9 /* nnlib.h */ = {isa = PBXFileReference; fileEncoding = 4; lastKnownFileType = sourcecode.c.h; name = nnlib.h; path = ../../../src/nnlib.h; sourceTree = "<group>"; };
		8A2C8D1227E255AA00DA07C9 /* dsplib.c */ = {isa = PBXFileReference; fileEncoding = 4; lastKnownFileType = sourcecode.c.c; name = dsplib.c; path = ../../../src/dsplib.c; sourceTree = "<group>"; };
		8A2C8D1327E255AA00DA07C9 /* nnlib.c */ = {isa = PBXFileReference; fileEncoding = 4; lastKnownFileType = sourcecode.c.c; name = nnlib.c; path = ../../../src/nnlib.c; sourceTree = "<group>"; };
		8ADA8FEA27F676300079335F /* signalsifter.h */ = {isa = PBXFileReference; fileEncoding = 4; lastKnownFileType = sourcecode.c.h; name = signalsifter.h; path = ../../../src/signalsifter.h; sourceTree = "<group>"; };
		8ADA8FEB27F676300079335F /* signalsifter_weights.c */ = {isa = PBXFileReference; fileEncoding = 4; lastKnownFileType = sourcecode.c.c; name = signalsifter_weights.c; path = ../../../src/signalsifter_weights.c; sourceTree = "<group>"; };
		8ADA8FEC27F676300079335F /* signalsifter_config.h */ = {isa = PBXFileReference; fileEncoding = 4; lastKnownFileType = sourcecode.c.h; name = signalsifter_config.h; path = ../../../src/signalsifter_config.h; sourceTree = "<group>"; };
		8ADA8FEE27F677970079335F /* nn_layers.h */ = {isa = PBXFileReference; fileEncoding = 4; lastKnownFileType = sourcecode.c.h; name = nn_layers.h; path = ../../../src/nn_layers.h; sourceTree = "<group>"; };
		8ADA8FEF27F677970079335F /* nn_layers.c */ = {isa = PBXFileReference; fileEncoding = 4; lastKnownFileType = sourcecode.c.c; name = nn_layers.c; path = ../../../src/nn_layers.c; sourceTree = "<group>"; };
		8ADA8FF127FBA5EA0079335F /* nntests.h */ = {isa = PBXFileReference; lastKnownFileType = sourcecode.c.h; path = nntests.h; sourceTree = "<group>"; };
		8ADA8FF227FBA77B0079335F /* dsptests.h */ = {isa = PBXFileReference; lastKnownFileType = sourcecode.c.h; path = dsptests.h; sourceTree = "<group>"; };
		8ADA8FF527FCF2790079335F /* kiss_fft.c */ = {isa = PBXFileReference; fileEncoding = 4; lastKnownFileType = sourcecode.c.c; path = kiss_fft.c; sourceTree = "<group>"; };
		8ADA8FF627FCF2790079335F /* kiss_fftr.c */ = {isa = PBXFileReference; fileEncoding = 4; lastKnownFileType = sourcecode.c.c; path = kiss_fftr.c; sourceTree = "<group>"; };
		8ADA8FF727FCF2790079335F /* _kiss_fft_guts.h */ = {isa = PBXFileReference; fileEncoding = 4; lastKnownFileType = sourcecode.c.h; path = _kiss_fft_guts.h; sourceTree = "<group>"; };
		8ADA8FF827FCF2790079335F /* kiss_fft.h */ = {isa = PBXFileReference; fileEncoding = 4; lastKnownFileType = sourcecode.c.h; path = kiss_fft.h; sourceTree = "<group>"; };
		8ADA8FF927FCF2790079335F /* kiss_fftr.h */ = {isa = PBXFileReference; fileEncoding = 4; lastKnownFileType = sourcecode.c.h; path = kiss_fftr.h; sourceTree = "<group>"; };
		8ADA8FFA27FCF2790079335F /* dsp_processing.c */ = {isa = PBXFileReference; fileEncoding = 4; lastKnownFileType = sourcecode.c.c; name = dsp_processing.c; path = ../../../src/dsp_processing.c; sourceTree = "<group>"; };
		8ADA8FFB27FCF2790079335F /* dsp_processing.h */ = {isa = PBXFileReference; fileEncoding = 4; lastKnownFileType = sourcecode.c.h; name = dsp_processing.h; path = ../../../src/dsp_processing.h; sourceTree = "<group>"; };
/* End PBXFileReference section */

/* Begin PBXFrameworksBuildPhase section */
		8A2C8D0027E2539C00DA07C9 /* Frameworks */ = {
			isa = PBXFrameworksBuildPhase;
			buildActionMask = 2147483647;
			files = (
			);
			runOnlyForDeploymentPostprocessing = 0;
		};
/* End PBXFrameworksBuildPhase section */

/* Begin PBXGroup section */
		8A2C8CFA27E2539C00DA07C9 = {
			isa = PBXGroup;
			children = (
				8A2C8D0527E2539C00DA07C9 /* test_nndsp */,
				8A2C8D0427E2539C00DA07C9 /* Products */,
			);
			sourceTree = "<group>";
		};
		8A2C8D0427E2539C00DA07C9 /* Products */ = {
			isa = PBXGroup;
			children = (
				8A2C8D0327E2539C00DA07C9 /* test_nndsp */,
			);
			name = Products;
			sourceTree = "<group>";
		};
		8A2C8D0527E2539C00DA07C9 /* test_nndsp */ = {
			isa = PBXGroup;
			children = (
				8A2C8D0627E2539C00DA07C9 /* main.c */,
				8ADA8FF227FBA77B0079335F /* dsptests.h */,
				8ADA8FFA27FCF2790079335F /* dsp_processing.c */,
				8ADA8FFB27FCF2790079335F /* dsp_processing.h */,
				8ADA8FF427FCF2790079335F /* kissFFT */,
				8ADA8FF127FBA5EA0079335F /* nntests.h */,
				8ADA8FEF27F677970079335F /* nn_layers.c */,
				8ADA8FEE27F677970079335F /* nn_layers.h */,
				8A2C8D1227E255AA00DA07C9 /* dsplib.c */,
				8A2C8D0D27E255AA00DA07C9 /* dsplib.h */,
				8A2C8D0E27E255AA00DA07C9 /* fixed_point_math.h */,
				8A2C8D1327E255AA00DA07C9 /* nnlib.c */,
				8ADA8FEB27F676300079335F /* signalsifter_weights.c */,
				8ADA8FEC27F676300079335F /* signalsifter_config.h */,
				8ADA8FEA27F676300079335F /* signalsifter.h */,
				8A2C8D1127E255AA00DA07C9 /* nnlib.h */,
				8A2C8D1027E255AA00DA07C9 /* utils.c */,
				8A2C8D0F27E255AA00DA07C9 /* utils.h */,
			);
			path = test_nndsp;
			sourceTree = "<group>";
		};
		8ADA8FF427FCF2790079335F /* kissFFT */ = {
			isa = PBXGroup;
			children = (
				8ADA8FF527FCF2790079335F /* kiss_fft.c */,
				8ADA8FF627FCF2790079335F /* kiss_fftr.c */,
				8ADA8FF727FCF2790079335F /* _kiss_fft_guts.h */,
				8ADA8FF827FCF2790079335F /* kiss_fft.h */,
				8ADA8FF927FCF2790079335F /* kiss_fftr.h */,
			);
			name = kissFFT;
			path = ../../../src/kissFFT;
			sourceTree = "<group>";
		};
/* End PBXGroup section */

/* Begin PBXNativeTarget section */
		8A2C8D0227E2539C00DA07C9 /* test_nndsp */ = {
			isa = PBXNativeTarget;
			buildConfigurationList = 8A2C8D0A27E2539C00DA07C9 /* Build configuration list for PBXNativeTarget "test_nndsp" */;
			buildPhases = (
				8A2C8CFF27E2539C00DA07C9 /* Sources */,
				8A2C8D0027E2539C00DA07C9 /* Frameworks */,
				8A2C8D0127E2539C00DA07C9 /* CopyFiles */,
			);
			buildRules = (
			);
			dependencies = (
			);
			name = test_nndsp;
			productName = test_nndsp;
			productReference = 8A2C8D0327E2539C00DA07C9 /* test_nndsp */;
			productType = "com.apple.product-type.tool";
		};
/* End PBXNativeTarget section */

/* Begin PBXProject section */
		8A2C8CFB27E2539C00DA07C9 /* Project object */ = {
			isa = PBXProject;
			attributes = {
				BuildIndependentTargetsInParallel = 1;
				LastUpgradeCheck = 1320;
				TargetAttributes = {
					8A2C8D0227E2539C00DA07C9 = {
						CreatedOnToolsVersion = 13.2.1;
					};
				};
			};
			buildConfigurationList = 8A2C8CFE27E2539C00DA07C9 /* Build configuration list for PBXProject "test_nndsp" */;
			compatibilityVersion = "Xcode 13.0";
			developmentRegion = en;
			hasScannedForEncodings = 0;
			knownRegions = (
				en,
				Base,
			);
			mainGroup = 8A2C8CFA27E2539C00DA07C9;
			productRefGroup = 8A2C8D0427E2539C00DA07C9 /* Products */;
			projectDirPath = "";
			projectRoot = "";
			targets = (
				8A2C8D0227E2539C00DA07C9 /* test_nndsp */,
			);
		};
/* End PBXProject section */

/* Begin PBXSourcesBuildPhase section */
		8A2C8CFF27E2539C00DA07C9 /* Sources */ = {
			isa = PBXSourcesBuildPhase;
			buildActionMask = 2147483647;
			files = (
				8ADA8FED27F676300079335F /* signalsifter_weights.c in Sources */,
				8ADA8FFC27FCF2790079335F /* kiss_fft.c in Sources */,
				8A2C8D1527E255AB00DA07C9 /* dsplib.c in Sources */,
				8A2C8D0727E2539C00DA07C9 /* main.c in Sources */,
				8ADA8FF027F677970079335F /* nn_layers.c in Sources */,
				8A2C8D1427E255AB00DA07C9 /* utils.c in Sources */,
				8A2C8D1627E255AB00DA07C9 /* nnlib.c in Sources */,
				8ADA8FFD27FCF2790079335F /* kiss_fftr.c in Sources */,
				8ADA8FFE27FCF2790079335F /* dsp_processing.c in Sources */,
			);
			runOnlyForDeploymentPostprocessing = 0;
		};
/* End PBXSourcesBuildPhase section */

/* Begin XCBuildConfiguration section */
		8A2C8D0827E2539C00DA07C9 /* Debug */ = {
			isa = XCBuildConfiguration;
			buildSettings = {
				ALWAYS_SEARCH_USER_PATHS = NO;
				CLANG_ANALYZER_NONNULL = YES;
				CLANG_ANALYZER_NUMBER_OBJECT_CONVERSION = YES_AGGRESSIVE;
				CLANG_CXX_LANGUAGE_STANDARD = "gnu++17";
				CLANG_CXX_LIBRARY = "libc++";
				CLANG_ENABLE_MODULES = YES;
				CLANG_ENABLE_OBJC_ARC = YES;
				CLANG_ENABLE_OBJC_WEAK = YES;
				CLANG_WARN_BLOCK_CAPTURE_AUTORELEASING = YES;
				CLANG_WARN_BOOL_CONVERSION = YES;
				CLANG_WARN_COMMA = YES;
				CLANG_WARN_CONSTANT_CONVERSION = YES;
				CLANG_WARN_DEPRECATED_OBJC_IMPLEMENTATIONS = YES;
				CLANG_WARN_DIRECT_OBJC_ISA_USAGE = YES_ERROR;
				CLANG_WARN_DOCUMENTATION_COMMENTS = YES;
				CLANG_WARN_EMPTY_BODY = YES;
				CLANG_WARN_ENUM_CONVERSION = YES;
				CLANG_WARN_INFINITE_RECURSION = YES;
				CLANG_WARN_INT_CONVERSION = YES;
				CLANG_WARN_NON_LITERAL_NULL_CONVERSION = YES;
				CLANG_WARN_OBJC_IMPLICIT_RETAIN_SELF = YES;
				CLANG_WARN_OBJC_LITERAL_CONVERSION = YES;
				CLANG_WARN_OBJC_ROOT_CLASS = YES_ERROR;
				CLANG_WARN_QUOTED_INCLUDE_IN_FRAMEWORK_HEADER = YES;
				CLANG_WARN_RANGE_LOOP_ANALYSIS = YES;
				CLANG_WARN_STRICT_PROTOTYPES = YES;
				CLANG_WARN_SUSPICIOUS_MOVE = YES;
				CLANG_WARN_UNGUARDED_AVAILABILITY = YES_AGGRESSIVE;
				CLANG_WARN_UNREACHABLE_CODE = YES;
				CLANG_WARN__DUPLICATE_METHOD_MATCH = YES;
				COPY_PHASE_STRIP = NO;
				DEBUG_INFORMATION_FORMAT = dwarf;
				ENABLE_STRICT_OBJC_MSGSEND = YES;
				ENABLE_TESTABILITY = YES;
				GCC_C_LANGUAGE_STANDARD = c99;
				GCC_DYNAMIC_NO_PIC = NO;
				GCC_NO_COMMON_BLOCKS = YES;
				GCC_OPTIMIZATION_LEVEL = 0;
				GCC_PREPROCESSOR_DEFINITIONS = (
					"DEBUG=1",
					"$(inherited)",
				);
				GCC_WARN_64_TO_32_BIT_CONVERSION = YES;
				GCC_WARN_ABOUT_RETURN_TYPE = YES_ERROR;
				GCC_WARN_UNDECLARED_SELECTOR = YES;
				GCC_WARN_UNINITIALIZED_AUTOS = YES_AGGRESSIVE;
				GCC_WARN_UNUSED_FUNCTION = YES;
				GCC_WARN_UNUSED_VARIABLE = YES;
				MACOSX_DEPLOYMENT_TARGET = 12.1;
				MTL_ENABLE_DEBUG_INFO = INCLUDE_SOURCE;
				MTL_FAST_MATH = YES;
				ONLY_ACTIVE_ARCH = YES;
				OTHER_CFLAGS = "-pedantic-errors";
				SDKROOT = macosx;
			};
			name = Debug;
		};
		8A2C8D0927E2539C00DA07C9 /* Release */ = {
			isa = XCBuildConfiguration;
			buildSettings = {
				ALWAYS_SEARCH_USER_PATHS = NO;
				CLANG_ANALYZER_NONNULL = YES;
				CLANG_ANALYZER_NUMBER_OBJECT_CONVERSION = YES_AGGRESSIVE;
				CLANG_CXX_LANGUAGE_STANDARD = "gnu++17";
				CLANG_CXX_LIBRARY = "libc++";
				CLANG_ENABLE_MODULES = YES;
				CLANG_ENABLE_OBJC_ARC = YES;
				CLANG_ENABLE_OBJC_WEAK = YES;
				CLANG_WARN_BLOCK_CAPTURE_AUTORELEASING = YES;
				CLANG_WARN_BOOL_CONVERSION = YES;
				CLANG_WARN_COMMA = YES;
				CLANG_WARN_CONSTANT_CONVERSION = YES;
				CLANG_WARN_DEPRECATED_OBJC_IMPLEMENTATIONS = YES;
				CLANG_WARN_DIRECT_OBJC_ISA_USAGE = YES_ERROR;
				CLANG_WARN_DOCUMENTATION_COMMENTS = YES;
				CLANG_WARN_EMPTY_BODY = YES;
				CLANG_WARN_ENUM_CONVERSION = YES;
				CLANG_WARN_INFINITE_RECURSION = YES;
				CLANG_WARN_INT_CONVERSION = YES;
				CLANG_WARN_NON_LITERAL_NULL_CONVERSION = YES;
				CLANG_WARN_OBJC_IMPLICIT_RETAIN_SELF = YES;
				CLANG_WARN_OBJC_LITERAL_CONVERSION = YES;
				CLANG_WARN_OBJC_ROOT_CLASS = YES_ERROR;
				CLANG_WARN_QUOTED_INCLUDE_IN_FRAMEWORK_HEADER = YES;
				CLANG_WARN_RANGE_LOOP_ANALYSIS = YES;
				CLANG_WARN_STRICT_PROTOTYPES = YES;
				CLANG_WARN_SUSPICIOUS_MOVE = YES;
				CLANG_WARN_UNGUARDED_AVAILABILITY = YES_AGGRESSIVE;
				CLANG_WARN_UNREACHABLE_CODE = YES;
				CLANG_WARN__DUPLICATE_METHOD_MATCH = YES;
				COPY_PHASE_STRIP = NO;
				DEBUG_INFORMATION_FORMAT = "dwarf-with-dsym";
				ENABLE_NS_ASSERTIONS = NO;
				ENABLE_STRICT_OBJC_MSGSEND = YES;
				GCC_C_LANGUAGE_STANDARD = c99;
				GCC_NO_COMMON_BLOCKS = YES;
				GCC_WARN_64_TO_32_BIT_CONVERSION = YES;
				GCC_WARN_ABOUT_RETURN_TYPE = YES_ERROR;
				GCC_WARN_UNDECLARED_SELECTOR = YES;
				GCC_WARN_UNINITIALIZED_AUTOS = YES_AGGRESSIVE;
				GCC_WARN_UNUSED_FUNCTION = YES;
				GCC_WARN_UNUSED_VARIABLE = YES;
				MACOSX_DEPLOYMENT_TARGET = 12.1;
				MTL_ENABLE_DEBUG_INFO = NO;
				MTL_FAST_MATH = YES;
				OTHER_CFLAGS = "-pedantic-errors";
				SDKROOT = macosx;
			};
			name = Release;
		};
		8A2C8D0B27E2539C00DA07C9 /* Debug */ = {
			isa = XCBuildConfiguration;
			buildSettings = {
				CODE_SIGN_STYLE = Automatic;
				DEVELOPMENT_TEAM = LZFW366968;
				ENABLE_HARDENED_RUNTIME = YES;
				PRODUCT_NAME = "$(TARGET_NAME)";
			};
			name = Debug;
		};
		8A2C8D0C27E2539C00DA07C9 /* Release */ = {
			isa = XCBuildConfiguration;
			buildSettings = {
				CODE_SIGN_STYLE = Automatic;
				DEVELOPMENT_TEAM = LZFW366968;
				ENABLE_HARDENED_RUNTIME = YES;
				PRODUCT_NAME = "$(TARGET_NAME)";
			};
			name = Release;
		};
/* End XCBuildConfiguration section */

/* Begin XCConfigurationList section */
		8A2C8CFE27E2539C00DA07C9 /* Build configuration list for PBXProject "test_nndsp" */ = {
			isa = XCConfigurationList;
			buildConfigurations = (
				8A2C8D0827E2539C00DA07C9 /* Debug */,
				8A2C8D0927E2539C00DA07C9 /* Release */,
			);
			defaultConfigurationIsVisible = 0;
			defaultConfigurationName = Release;
		};
		8A2C8D0A27E2539C00DA07C9 /* Build configuration list for PBXNativeTarget "test_nndsp" */ = {
			isa = XCConfigurationList;
			buildConfigurations = (
				8A2C8D0B27E2539C00DA07C9 /* Debug */,
				8A2C8D0C27E2539C00DA07C9 /* Release */,
			);
			defaultConfigurationIsVisible = 0;
			defaultConfigurationName = Release;
		};
/* End XCConfigurationList section */
	};
	rootObject = 8A2C8CFB27E2539C00DA07C9 /* Project object */;
}
