// !$*UTF8*$!
{
	archiveVersion = 1;
	classes = {
	};
	objectVersion = 50;
	objects = {

/* Begin PBXBuildFile section */
		8AAF68282B8950BD00B7F588 /* nn_layers_fixedpt.c in Sources */ = {isa = PBXBuildFile; fileRef = 8AAF68182B894DD400B7F588 /* nn_layers_fixedpt.c */; };
		8AAF682A2B8950BD00B7F588 /* signalsifter_weights.c in Sources */ = {isa = PBXBuildFile; fileRef = 8AAF68152B894DD400B7F588 /* signalsifter_weights.c */; };
		8AAF682B2B8950BD00B7F588 /* signalsifter.c in Sources */ = {isa = PBXBuildFile; fileRef = 8AAF68172B894DD400B7F588 /* signalsifter.c */; };
		8AAF682C2B8950BD00B7F588 /* dsplib.c in Sources */ = {isa = PBXBuildFile; fileRef = 8AAF681E2B89507A00B7F588 /* dsplib.c */; };
		8AAF682D2B8950BD00B7F588 /* nn_layers_float.c in Sources */ = {isa = PBXBuildFile; fileRef = 8AAF68122B894DD400B7F588 /* nn_layers_float.c */; };
		8AAF682E2B8950BD00B7F588 /* nnlib_float.c in Sources */ = {isa = PBXBuildFile; fileRef = 8AAF68132B894DD400B7F588 /* nnlib_float.c */; };
		8AAF682F2B8950BD00B7F588 /* nn_layers_tools.c in Sources */ = {isa = PBXBuildFile; fileRef = 8AAF68142B894DD400B7F588 /* nn_layers_tools.c */; };
		8AAF68302B8950BD00B7F588 /* utils.c in Sources */ = {isa = PBXBuildFile; fileRef = 8AAF68192B894DDD00B7F588 /* utils.c */; };
		8ACCD1C62B8972E3001D69F4 /* nnlib_fixedpt_generic.c in Sources */ = {isa = PBXBuildFile; fileRef = 8ACCD1C52B8972E3001D69F4 /* nnlib_fixedpt_generic.c */; };
		8ACCD1C82B8972F4001D69F4 /* test_signalsifter.c in Sources */ = {isa = PBXBuildFile; fileRef = 8ACCD1C72B8972F4001D69F4 /* test_signalsifter.c */; };
/* End PBXBuildFile section */

/* Begin PBXCopyFilesBuildPhase section */
		8A4178542717C6DE00C4F450 /* CopyFiles */ = {
			isa = PBXCopyFilesBuildPhase;
			buildActionMask = 2147483647;
			dstPath = /usr/share/man/man1/;
			dstSubfolderSpec = 0;
			files = (
			);
			runOnlyForDeploymentPostprocessing = 1;
		};
/* End PBXCopyFilesBuildPhase section */

/* Begin PBXFileReference section */
		8A4178562717C6DE00C4F450 /* testss */ = {isa = PBXFileReference; explicitFileType = "compiled.mach-o.executable"; includeInIndex = 0; path = testss; sourceTree = BUILT_PRODUCTS_DIR; };
		8AAF68062B894DBA00B7F588 /* nn_layers_tools.h */ = {isa = PBXFileReference; lastKnownFileType = sourcecode.c.h; name = nn_layers_tools.h; path = ../../include/nn_layers_tools.h; sourceTree = "<group>"; };
		8AAF68072B894DBA00B7F588 /* tanh_table_S16.h */ = {isa = PBXFileReference; lastKnownFileType = sourcecode.c.h; name = tanh_table_S16.h; path = ../../include/tanh_table_S16.h; sourceTree = "<group>"; };
		8AAF68082B894DBA00B7F588 /* signalsifter.h */ = {isa = PBXFileReference; lastKnownFileType = sourcecode.c.h; name = signalsifter.h; path = ../../include/signalsifter.h; sourceTree = "<group>"; };
		8AAF68092B894DBA00B7F588 /* nnlib_types.h */ = {isa = PBXFileReference; lastKnownFileType = sourcecode.c.h; name = nnlib_types.h; path = ../../include/nnlib_types.h; sourceTree = "<group>"; };
		8AAF680A2B894DBA00B7F588 /* signalsifter_monitor.h */ = {isa = PBXFileReference; lastKnownFileType = sourcecode.c.h; name = signalsifter_monitor.h; path = ../../include/signalsifter_monitor.h; sourceTree = "<group>"; };
		8AAF680B2B894DBA00B7F588 /* nnlib_fixedpt.h */ = {isa = PBXFileReference; lastKnownFileType = sourcecode.c.h; name = nnlib_fixedpt.h; path = ../../include/nnlib_fixedpt.h; sourceTree = "<group>"; };
		8AAF680C2B894DBA00B7F588 /* common_def.h */ = {isa = PBXFileReference; lastKnownFileType = sourcecode.c.h; name = common_def.h; path = ../../include/common_def.h; sourceTree = "<group>"; };
		8AAF680D2B894DBA00B7F588 /* nn_layers.h */ = {isa = PBXFileReference; lastKnownFileType = sourcecode.c.h; name = nn_layers.h; path = ../../include/nn_layers.h; sourceTree = "<group>"; };
		8AAF680E2B894DBA00B7F588 /* fixed_point_math.h */ = {isa = PBXFileReference; lastKnownFileType = sourcecode.c.h; name = fixed_point_math.h; path = ../../include/fixed_point_math.h; sourceTree = "<group>"; };
		8AAF680F2B894DBA00B7F588 /* nnlib_float.h */ = {isa = PBXFileReference; lastKnownFileType = sourcecode.c.h; name = nnlib_float.h; path = ../../include/nnlib_float.h; sourceTree = "<group>"; };
		8AAF68102B894DBA00B7F588 /* signalsifter_config.h */ = {isa = PBXFileReference; lastKnownFileType = sourcecode.c.h; name = signalsifter_config.h; path = ../../include/signalsifter_config.h; sourceTree = "<group>"; };
		8AAF68112B894DBA00B7F588 /* tanh_table.h */ = {isa = PBXFileReference; lastKnownFileType = sourcecode.c.h; name = tanh_table.h; path = ../../include/tanh_table.h; sourceTree = "<group>"; };
		8AAF68122B894DD400B7F588 /* nn_layers_float.c */ = {isa = PBXFileReference; lastKnownFileType = sourcecode.c.c; name = nn_layers_float.c; path = ../../src/nn_layers_float.c; sourceTree = "<group>"; };
		8AAF68132B894DD400B7F588 /* nnlib_float.c */ = {isa = PBXFileReference; lastKnownFileType = sourcecode.c.c; name = nnlib_float.c; path = ../../src/nnlib_float.c; sourceTree = "<group>"; };
		8AAF68142B894DD400B7F588 /* nn_layers_tools.c */ = {isa = PBXFileReference; lastKnownFileType = sourcecode.c.c; name = nn_layers_tools.c; path = ../../src/nn_layers_tools.c; sourceTree = "<group>"; };
		8AAF68152B894DD400B7F588 /* signalsifter_weights.c */ = {isa = PBXFileReference; lastKnownFileType = sourcecode.c.c; name = signalsifter_weights.c; path = ../../src/signalsifter_weights.c; sourceTree = "<group>"; };
		8AAF68172B894DD400B7F588 /* signalsifter.c */ = {isa = PBXFileReference; lastKnownFileType = sourcecode.c.c; name = signalsifter.c; path = ../../src/signalsifter.c; sourceTree = "<group>"; };
		8AAF68182B894DD400B7F588 /* nn_layers_fixedpt.c */ = {isa = PBXFileReference; lastKnownFileType = sourcecode.c.c; name = nn_layers_fixedpt.c; path = ../../src/nn_layers_fixedpt.c; sourceTree = "<group>"; };
		8AAF68192B894DDD00B7F588 /* utils.c */ = {isa = PBXFileReference; lastKnownFileType = sourcecode.c.c; name = utils.c; path = ../../src/utils.c; sourceTree = "<group>"; };
		8AAF681A2B894DE900B7F588 /* utils.h */ = {isa = PBXFileReference; lastKnownFileType = sourcecode.c.h; name = utils.h; path = ../../include/utils.h; sourceTree = "<group>"; };
		8AAF681D2B89506F00B7F588 /* dsplib.h */ = {isa = PBXFileReference; lastKnownFileType = sourcecode.c.h; name = dsplib.h; path = ../../include/dsplib.h; sourceTree = "<group>"; };
		8AAF681E2B89507A00B7F588 /* dsplib.c */ = {isa = PBXFileReference; lastKnownFileType = sourcecode.c.c; name = dsplib.c; path = ../../src/dsplib.c; sourceTree = "<group>"; };
		8ACCD1C52B8972E3001D69F4 /* nnlib_fixedpt_generic.c */ = {isa = PBXFileReference; fileEncoding = 4; lastKnownFileType = sourcecode.c.c; name = nnlib_fixedpt_generic.c; path = ../../src/nnlib_fixedpt_generic.c; sourceTree = "<group>"; };
		8ACCD1C72B8972F4001D69F4 /* test_signalsifter.c */ = {isa = PBXFileReference; fileEncoding = 4; lastKnownFileType = sourcecode.c.c; path = test_signalsifter.c; sourceTree = "<group>"; };
		8ACCD1C92B8972FC001D69F4 /* signalsifter_testvector.h */ = {isa = PBXFileReference; lastKnownFileType = sourcecode.c.h; path = signalsifter_testvector.h; sourceTree = "<group>"; };
/* End PBXFileReference section */

/* Begin PBXFrameworksBuildPhase section */
		8A4178532717C6DE00C4F450 /* Frameworks */ = {
			isa = PBXFrameworksBuildPhase;
			buildActionMask = 2147483647;
			files = (
			);
			runOnlyForDeploymentPostprocessing = 0;
		};
/* End PBXFrameworksBuildPhase section */

/* Begin PBXGroup section */
		8A41784D2717C6DD00C4F450 = {
			isa = PBXGroup;
			children = (
				8AAF680C2B894DBA00B7F588 /* common_def.h */,
				8AAF680E2B894DBA00B7F588 /* fixed_point_math.h */,
				8AAF681D2B89506F00B7F588 /* dsplib.h */,
				8AAF68062B894DBA00B7F588 /* nn_layers_tools.h */,
				8AAF680D2B894DBA00B7F588 /* nn_layers.h */,
				8AAF680B2B894DBA00B7F588 /* nnlib_fixedpt.h */,
				8AAF680F2B894DBA00B7F588 /* nnlib_float.h */,
				8AAF68092B894DBA00B7F588 /* nnlib_types.h */,
				8AAF68102B894DBA00B7F588 /* signalsifter_config.h */,
				8AAF680A2B894DBA00B7F588 /* signalsifter_monitor.h */,
				8AAF68082B894DBA00B7F588 /* signalsifter.h */,
				8AAF68072B894DBA00B7F588 /* tanh_table_S16.h */,
				8AAF68112B894DBA00B7F588 /* tanh_table.h */,
				8AAF681A2B894DE900B7F588 /* utils.h */,
				8AAF681E2B89507A00B7F588 /* dsplib.c */,
				8AAF68182B894DD400B7F588 /* nn_layers_fixedpt.c */,
				8AAF68122B894DD400B7F588 /* nn_layers_float.c */,
				8AAF68142B894DD400B7F588 /* nn_layers_tools.c */,
				8AAF68132B894DD400B7F588 /* nnlib_float.c */,
				8AAF68152B894DD400B7F588 /* signalsifter_weights.c */,
				8AAF68172B894DD400B7F588 /* signalsifter.c */,
				8AAF68192B894DDD00B7F588 /* utils.c */,
				8ACCD1C52B8972E3001D69F4 /* nnlib_fixedpt_generic.c */,
				8ACCD1C72B8972F4001D69F4 /* test_signalsifter.c */,
				8ACCD1C92B8972FC001D69F4 /* signalsifter_testvector.h */,
				8A4178572717C6DE00C4F450 /* Products */,
			);
			sourceTree = "<group>";
		};
		8A4178572717C6DE00C4F450 /* Products */ = {
			isa = PBXGroup;
			children = (
				8A4178562717C6DE00C4F450 /* testss */,
			);
			name = Products;
			sourceTree = "<group>";
		};
/* End PBXGroup section */

/* Begin PBXNativeTarget section */
		8A4178552717C6DE00C4F450 /* testss */ = {
			isa = PBXNativeTarget;
			buildConfigurationList = 8A41785D2717C6DE00C4F450 /* Build configuration list for PBXNativeTarget "testss" */;
			buildPhases = (
				8A4178522717C6DE00C4F450 /* Sources */,
				8A4178532717C6DE00C4F450 /* Frameworks */,
				8A4178542717C6DE00C4F450 /* CopyFiles */,
			);
			buildRules = (
			);
			dependencies = (
			);
			name = testss;
			productName = testss;
			productReference = 8A4178562717C6DE00C4F450 /* testss */;
			productType = "com.apple.product-type.tool";
		};
/* End PBXNativeTarget section */

/* Begin PBXProject section */
		8A41784E2717C6DD00C4F450 /* Project object */ = {
			isa = PBXProject;
			attributes = {
				LastUpgradeCheck = 1250;
				TargetAttributes = {
					8A4178552717C6DE00C4F450 = {
						CreatedOnToolsVersion = 12.5.1;
					};
				};
			};
			buildConfigurationList = 8A4178512717C6DE00C4F450 /* Build configuration list for PBXProject "testss" */;
			compatibilityVersion = "Xcode 9.3";
			developmentRegion = en;
			hasScannedForEncodings = 0;
			knownRegions = (
				en,
				Base,
			);
			mainGroup = 8A41784D2717C6DD00C4F450;
			productRefGroup = 8A4178572717C6DE00C4F450 /* Products */;
			projectDirPath = "";
			projectRoot = "";
			targets = (
				8A4178552717C6DE00C4F450 /* testss */,
			);
		};
/* End PBXProject section */

/* Begin PBXSourcesBuildPhase section */
		8A4178522717C6DE00C4F450 /* Sources */ = {
			isa = PBXSourcesBuildPhase;
			buildActionMask = 2147483647;
			files = (
				8AAF682A2B8950BD00B7F588 /* signalsifter_weights.c in Sources */,
				8AAF682F2B8950BD00B7F588 /* nn_layers_tools.c in Sources */,
				8ACCD1C62B8972E3001D69F4 /* nnlib_fixedpt_generic.c in Sources */,
				8AAF682B2B8950BD00B7F588 /* signalsifter.c in Sources */,
				8ACCD1C82B8972F4001D69F4 /* test_signalsifter.c in Sources */,
				8AAF682D2B8950BD00B7F588 /* nn_layers_float.c in Sources */,
				8AAF68302B8950BD00B7F588 /* utils.c in Sources */,
				8AAF682C2B8950BD00B7F588 /* dsplib.c in Sources */,
				8AAF68282B8950BD00B7F588 /* nn_layers_fixedpt.c in Sources */,
				8AAF682E2B8950BD00B7F588 /* nnlib_float.c in Sources */,
			);
			runOnlyForDeploymentPostprocessing = 0;
		};
/* End PBXSourcesBuildPhase section */

/* Begin XCBuildConfiguration section */
		8A41785B2717C6DE00C4F450 /* Debug */ = {
			isa = XCBuildConfiguration;
			buildSettings = {
				ALWAYS_SEARCH_USER_PATHS = NO;
				CLANG_ANALYZER_NONNULL = YES;
				CLANG_ANALYZER_NUMBER_OBJECT_CONVERSION = YES_AGGRESSIVE;
				CLANG_CXX_LANGUAGE_STANDARD = "gnu++14";
				CLANG_CXX_LIBRARY = "libc++";
				CLANG_ENABLE_MODULES = YES;
				CLANG_ENABLE_OBJC_ARC = YES;
				CLANG_ENABLE_OBJC_WEAK = YES;
				CLANG_WARN_BLOCK_CAPTURE_AUTORELEASING = YES;
				CLANG_WARN_BOOL_CONVERSION = YES;
				CLANG_WARN_COMMA = YES;
				CLANG_WARN_CONSTANT_CONVERSION = YES;
				CLANG_WARN_DEPRECATED_OBJC_IMPLEMENTATIONS = YES;
				CLANG_WARN_DIRECT_OBJC_ISA_USAGE = YES_ERROR;
				CLANG_WARN_DOCUMENTATION_COMMENTS = YES;
				CLANG_WARN_EMPTY_BODY = YES;
				CLANG_WARN_ENUM_CONVERSION = YES;
				CLANG_WARN_INFINITE_RECURSION = YES;
				CLANG_WARN_INT_CONVERSION = YES;
				CLANG_WARN_NON_LITERAL_NULL_CONVERSION = YES;
				CLANG_WARN_OBJC_IMPLICIT_RETAIN_SELF = YES;
				CLANG_WARN_OBJC_LITERAL_CONVERSION = YES;
				CLANG_WARN_OBJC_ROOT_CLASS = YES_ERROR;
				CLANG_WARN_QUOTED_INCLUDE_IN_FRAMEWORK_HEADER = YES;
				CLANG_WARN_RANGE_LOOP_ANALYSIS = YES;
				CLANG_WARN_STRICT_PROTOTYPES = YES;
				CLANG_WARN_SUSPICIOUS_MOVE = YES;
				CLANG_WARN_UNGUARDED_AVAILABILITY = YES_AGGRESSIVE;
				CLANG_WARN_UNREACHABLE_CODE = YES;
				CLANG_WARN__DUPLICATE_METHOD_MATCH = YES;
				CODE_SIGN_IDENTITY = "-";
				COPY_PHASE_STRIP = NO;
				DEBUG_INFORMATION_FORMAT = dwarf;
				ENABLE_STRICT_OBJC_MSGSEND = YES;
				ENABLE_TESTABILITY = YES;
				GCC_C_LANGUAGE_STANDARD = c99;
				GCC_DYNAMIC_NO_PIC = NO;
				GCC_NO_COMMON_BLOCKS = YES;
				GCC_OPTIMIZATION_LEVEL = 0;
				GCC_PREPROCESSOR_DEFINITIONS = (
					"DEBUG=1",
					"$(inherited)",
				);
				GCC_WARN_64_TO_32_BIT_CONVERSION = YES;
				GCC_WARN_ABOUT_RETURN_TYPE = YES_ERROR;
				GCC_WARN_UNDECLARED_SELECTOR = YES;
				GCC_WARN_UNINITIALIZED_AUTOS = YES_AGGRESSIVE;
				GCC_WARN_UNUSED_FUNCTION = YES;
				GCC_WARN_UNUSED_VARIABLE = YES;
				MACOSX_DEPLOYMENT_TARGET = 11.2;
				MTL_ENABLE_DEBUG_INFO = INCLUDE_SOURCE;
				MTL_FAST_MATH = YES;
				ONLY_ACTIVE_ARCH = YES;
				OTHER_CFLAGS = "-pedantic-errors";
				SDKROOT = macosx;
			};
			name = Debug;
		};
		8A41785C2717C6DE00C4F450 /* Release */ = {
			isa = XCBuildConfiguration;
			buildSettings = {
				ALWAYS_SEARCH_USER_PATHS = NO;
				CLANG_ANALYZER_NONNULL = YES;
				CLANG_ANALYZER_NUMBER_OBJECT_CONVERSION = YES_AGGRESSIVE;
				CLANG_CXX_LANGUAGE_STANDARD = "gnu++14";
				CLANG_CXX_LIBRARY = "libc++";
				CLANG_ENABLE_MODULES = YES;
				CLANG_ENABLE_OBJC_ARC = YES;
				CLANG_ENABLE_OBJC_WEAK = YES;
				CLANG_WARN_BLOCK_CAPTURE_AUTORELEASING = YES;
				CLANG_WARN_BOOL_CONVERSION = YES;
				CLANG_WARN_COMMA = YES;
				CLANG_WARN_CONSTANT_CONVERSION = YES;
				CLANG_WARN_DEPRECATED_OBJC_IMPLEMENTATIONS = YES;
				CLANG_WARN_DIRECT_OBJC_ISA_USAGE = YES_ERROR;
				CLANG_WARN_DOCUMENTATION_COMMENTS = YES;
				CLANG_WARN_EMPTY_BODY = YES;
				CLANG_WARN_ENUM_CONVERSION = YES;
				CLANG_WARN_INFINITE_RECURSION = YES;
				CLANG_WARN_INT_CONVERSION = YES;
				CLANG_WARN_NON_LITERAL_NULL_CONVERSION = YES;
				CLANG_WARN_OBJC_IMPLICIT_RETAIN_SELF = YES;
				CLANG_WARN_OBJC_LITERAL_CONVERSION = YES;
				CLANG_WARN_OBJC_ROOT_CLASS = YES_ERROR;
				CLANG_WARN_QUOTED_INCLUDE_IN_FRAMEWORK_HEADER = YES;
				CLANG_WARN_RANGE_LOOP_ANALYSIS = YES;
				CLANG_WARN_STRICT_PROTOTYPES = YES;
				CLANG_WARN_SUSPICIOUS_MOVE = YES;
				CLANG_WARN_UNGUARDED_AVAILABILITY = YES_AGGRESSIVE;
				CLANG_WARN_UNREACHABLE_CODE = YES;
				CLANG_WARN__DUPLICATE_METHOD_MATCH = YES;
				CODE_SIGN_IDENTITY = "-";
				COPY_PHASE_STRIP = NO;
				DEBUG_INFORMATION_FORMAT = "dwarf-with-dsym";
				ENABLE_NS_ASSERTIONS = NO;
				ENABLE_STRICT_OBJC_MSGSEND = YES;
				GCC_C_LANGUAGE_STANDARD = c99;
				GCC_NO_COMMON_BLOCKS = YES;
				GCC_WARN_64_TO_32_BIT_CONVERSION = YES;
				GCC_WARN_ABOUT_RETURN_TYPE = YES_ERROR;
				GCC_WARN_UNDECLARED_SELECTOR = YES;
				GCC_WARN_UNINITIALIZED_AUTOS = YES_AGGRESSIVE;
				GCC_WARN_UNUSED_FUNCTION = YES;
				GCC_WARN_UNUSED_VARIABLE = YES;
				MACOSX_DEPLOYMENT_TARGET = 11.2;
				MTL_ENABLE_DEBUG_INFO = NO;
				MTL_FAST_MATH = YES;
				OTHER_CFLAGS = "-pedantic-errors";
				SDKROOT = macosx;
			};
			name = Release;
		};
		8A41785E2717C6DE00C4F450 /* Debug */ = {
			isa = XCBuildConfiguration;
			buildSettings = {
				CODE_SIGN_STYLE = Automatic;
				DEVELOPMENT_TEAM = LZFW366968;
				ENABLE_HARDENED_RUNTIME = YES;
				HEADER_SEARCH_PATHS = "/Users/ragh/work/rocketship/third-party/kissFFT";
				PRODUCT_NAME = "$(TARGET_NAME)";
			};
			name = Debug;
		};
		8A41785F2717C6DE00C4F450 /* Release */ = {
			isa = XCBuildConfiguration;
			buildSettings = {
				CODE_SIGN_STYLE = Automatic;
				DEVELOPMENT_TEAM = LZFW366968;
				ENABLE_HARDENED_RUNTIME = YES;
				HEADER_SEARCH_PATHS = "/Users/ragh/work/rocketship/third-party/kissFFT";
				PRODUCT_NAME = "$(TARGET_NAME)";
			};
			name = Release;
		};
/* End XCBuildConfiguration section */

/* Begin XCConfigurationList section */
		8A4178512717C6DE00C4F450 /* Build configuration list for PBXProject "testss" */ = {
			isa = XCConfigurationList;
			buildConfigurations = (
				8A41785B2717C6DE00C4F450 /* Debug */,
				8A41785C2717C6DE00C4F450 /* Release */,
			);
			defaultConfigurationIsVisible = 0;
			defaultConfigurationName = Release;
		};
		8A41785D2717C6DE00C4F450 /* Build configuration list for PBXNativeTarget "testss" */ = {
			isa = XCConfigurationList;
			buildConfigurations = (
				8A41785E2717C6DE00C4F450 /* Debug */,
				8A41785F2717C6DE00C4F450 /* Release */,
			);
			defaultConfigurationIsVisible = 0;
			defaultConfigurationName = Release;
		};
/* End XCConfigurationList section */
	};
	rootObject = 8A41784E2717C6DD00C4F450 /* Project object */;
}
